// !$*UTF8*$!
{
	archiveVersion = 1;
	classes = {
	};
	objectVersion = 50;
	objects = {

/* Begin PBXBuildFile section */
		CAC5A80C296A83DE003927A0 /* NetworkManager.swift in Sources */ = {isa = PBXBuildFile; fileRef = CAC5A80B296A83DE003927A0 /* NetworkManager.swift */; };
		CAC5A811296B05DE003927A0 /* CityInfoVC.swift in Sources */ = {isa = PBXBuildFile; fileRef = CAC5A810296B05DE003927A0 /* CityInfoVC.swift */; };
		CAC5A81429707E3E003927A0 /* CityModel.swift in Sources */ = {isa = PBXBuildFile; fileRef = CAC5A81329707E3E003927A0 /* CityModel.swift */; };
		CAC7E80D297EEC4000D81887 /* CoreDataManager.swift in Sources */ = {isa = PBXBuildFile; fileRef = CAC7E80C297EEC4000D81887 /* CoreDataManager.swift */; };
		CACC4BB82969AA9400068F8F /* AppDelegate.swift in Sources */ = {isa = PBXBuildFile; fileRef = CACC4BB72969AA9400068F8F /* AppDelegate.swift */; };
		CACC4BC22969AA9400068F8F /* Weather_2023.xcdatamodeld in Sources */ = {isa = PBXBuildFile; fileRef = CACC4BC02969AA9400068F8F /* Weather_2023.xcdatamodeld */; };
		CACC4BC42969AAA000068F8F /* Assets.xcassets in Resources */ = {isa = PBXBuildFile; fileRef = CACC4BC32969AAA000068F8F /* Assets.xcassets */; };
		CACC4BC72969AAA000068F8F /* LaunchScreen.storyboard in Resources */ = {isa = PBXBuildFile; fileRef = CACC4BC52969AAA000068F8F /* LaunchScreen.storyboard */; };
		CACC4BD22969AB2500068F8F /* MainListVC.swift in Sources */ = {isa = PBXBuildFile; fileRef = CACC4BD12969AB2500068F8F /* MainListVC.swift */; };
		CACC4BD62969AF0400068F8F /* WeatherModel.swift in Sources */ = {isa = PBXBuildFile; fileRef = CACC4BD52969AF0400068F8F /* WeatherModel.swift */; };
		CACC4BDA2969D0FD00068F8F /* CityWeatherCell.swift in Sources */ = {isa = PBXBuildFile; fileRef = CACC4BD92969D0FD00068F8F /* CityWeatherCell.swift */; };
		CAD5AF022986EEAA00E9BEA8 /* TemperatureHicstoryVC.swift in Sources */ = {isa = PBXBuildFile; fileRef = CAD5AF012986EEAA00E9BEA8 /* TemperatureHicstoryVC.swift */; };
/* End PBXBuildFile section */

/* Begin PBXFileReference section */
		CAC5A80B296A83DE003927A0 /* NetworkManager.swift */ = {isa = PBXFileReference; lastKnownFileType = sourcecode.swift; path = NetworkManager.swift; sourceTree = "<group>"; };
		CAC5A810296B05DE003927A0 /* CityInfoVC.swift */ = {isa = PBXFileReference; lastKnownFileType = sourcecode.swift; path = CityInfoVC.swift; sourceTree = "<group>"; };
		CAC5A81329707E3E003927A0 /* CityModel.swift */ = {isa = PBXFileReference; lastKnownFileType = sourcecode.swift; path = CityModel.swift; sourceTree = "<group>"; };
		CAC7E80C297EEC4000D81887 /* CoreDataManager.swift */ = {isa = PBXFileReference; lastKnownFileType = sourcecode.swift; path = CoreDataManager.swift; sourceTree = "<group>"; };
		CACC4BB42969AA9400068F8F /* Weather_2023.app */ = {isa = PBXFileReference; explicitFileType = wrapper.application; includeInIndex = 0; path = Weather_2023.app; sourceTree = BUILT_PRODUCTS_DIR; };
		CACC4BB72969AA9400068F8F /* AppDelegate.swift */ = {isa = PBXFileReference; lastKnownFileType = sourcecode.swift; path = AppDelegate.swift; sourceTree = "<group>"; };
		CACC4BC12969AA9400068F8F /* Weather_2023.xcdatamodel */ = {isa = PBXFileReference; lastKnownFileType = wrapper.xcdatamodel; path = Weather_2023.xcdatamodel; sourceTree = "<group>"; };
		CACC4BC32969AAA000068F8F /* Assets.xcassets */ = {isa = PBXFileReference; lastKnownFileType = folder.assetcatalog; path = Assets.xcassets; sourceTree = "<group>"; };
		CACC4BC62969AAA000068F8F /* Base */ = {isa = PBXFileReference; lastKnownFileType = file.storyboard; name = Base; path = Base.lproj/LaunchScreen.storyboard; sourceTree = "<group>"; };
		CACC4BC82969AAA000068F8F /* Info.plist */ = {isa = PBXFileReference; lastKnownFileType = text.plist.xml; path = Info.plist; sourceTree = "<group>"; };
		CACC4BD12969AB2500068F8F /* MainListVC.swift */ = {isa = PBXFileReference; lastKnownFileType = sourcecode.swift; path = MainListVC.swift; sourceTree = "<group>"; };
		CACC4BD52969AF0400068F8F /* WeatherModel.swift */ = {isa = PBXFileReference; lastKnownFileType = sourcecode.swift; path = WeatherModel.swift; sourceTree = "<group>"; };
		CACC4BD92969D0FD00068F8F /* CityWeatherCell.swift */ = {isa = PBXFileReference; lastKnownFileType = sourcecode.swift; path = CityWeatherCell.swift; sourceTree = "<group>"; };
		CAD5AF012986EEAA00E9BEA8 /* TemperatureHicstoryVC.swift */ = {isa = PBXFileReference; lastKnownFileType = sourcecode.swift; path = TemperatureHicstoryVC.swift; sourceTree = "<group>"; };
/* End PBXFileReference section */

/* Begin PBXFrameworksBuildPhase section */
		CACC4BB12969AA9400068F8F /* Frameworks */ = {
			isa = PBXFrameworksBuildPhase;
			buildActionMask = 2147483647;
			files = (
			);
			runOnlyForDeploymentPostprocessing = 0;
		};
/* End PBXFrameworksBuildPhase section */

/* Begin PBXGroup section */
		CACC4BAB2969AA9400068F8F = {
			isa = PBXGroup;
			children = (
				CACC4BB62969AA9400068F8F /* Weather_2023 */,
				CACC4BB52969AA9400068F8F /* Products */,
			);
			sourceTree = "<group>";
		};
		CACC4BB52969AA9400068F8F /* Products */ = {
			isa = PBXGroup;
			children = (
				CACC4BB42969AA9400068F8F /* Weather_2023.app */,
			);
			name = Products;
			sourceTree = "<group>";
		};
		CACC4BB62969AA9400068F8F /* Weather_2023 */ = {
			isa = PBXGroup;
			children = (
				CACC4BB72969AA9400068F8F /* AppDelegate.swift */,
				CACC4BD12969AB2500068F8F /* MainListVC.swift */,
				CAC5A810296B05DE003927A0 /* CityInfoVC.swift */,
				CAD5AF012986EEAA00E9BEA8 /* TemperatureHicstoryVC.swift */,
				CAC5A81329707E3E003927A0 /* CityModel.swift */,
				CACC4BD52969AF0400068F8F /* WeatherModel.swift */,
				CACC4BD92969D0FD00068F8F /* CityWeatherCell.swift */,
				CAC5A80B296A83DE003927A0 /* NetworkManager.swift */,
				CAC7E80C297EEC4000D81887 /* CoreDataManager.swift */,
				CACC4BC32969AAA000068F8F /* Assets.xcassets */,
				CACC4BC52969AAA000068F8F /* LaunchScreen.storyboard */,
				CACC4BC82969AAA000068F8F /* Info.plist */,
				CACC4BC02969AA9400068F8F /* Weather_2023.xcdatamodeld */,
			);
			path = Weather_2023;
			sourceTree = "<group>";
		};
/* End PBXGroup section */

/* Begin PBXNativeTarget section */
		CACC4BB32969AA9400068F8F /* Weather_2023 */ = {
			isa = PBXNativeTarget;
			buildConfigurationList = CACC4BCB2969AAA000068F8F /* Build configuration list for PBXNativeTarget "Weather_2023" */;
			buildPhases = (
				CACC4BB02969AA9400068F8F /* Sources */,
				CACC4BB12969AA9400068F8F /* Frameworks */,
				CACC4BB22969AA9400068F8F /* Resources */,
			);
			buildRules = (
			);
			dependencies = (
			);
			name = Weather_2023;
			productName = Weather_2023;
			productReference = CACC4BB42969AA9400068F8F /* Weather_2023.app */;
			productType = "com.apple.product-type.application";
		};
/* End PBXNativeTarget section */

/* Begin PBXProject section */
		CACC4BAC2969AA9400068F8F /* Project object */ = {
			isa = PBXProject;
			attributes = {
				LastSwiftUpdateCheck = 1240;
				LastUpgradeCheck = 1240;
				TargetAttributes = {
					CACC4BB32969AA9400068F8F = {
						CreatedOnToolsVersion = 12.4;
					};
				};
			};
			buildConfigurationList = CACC4BAF2969AA9400068F8F /* Build configuration list for PBXProject "Weather_2023" */;
			compatibilityVersion = "Xcode 9.3";
			developmentRegion = en;
			hasScannedForEncodings = 0;
			knownRegions = (
				en,
				Base,
			);
			mainGroup = CACC4BAB2969AA9400068F8F;
			productRefGroup = CACC4BB52969AA9400068F8F /* Products */;
			projectDirPath = "";
			projectRoot = "";
			targets = (
				CACC4BB32969AA9400068F8F /* Weather_2023 */,
			);
		};
/* End PBXProject section */

/* Begin PBXResourcesBuildPhase section */
		CACC4BB22969AA9400068F8F /* Resources */ = {
			isa = PBXResourcesBuildPhase;
			buildActionMask = 2147483647;
			files = (
				CACC4BC72969AAA000068F8F /* LaunchScreen.storyboard in Resources */,
				CACC4BC42969AAA000068F8F /* Assets.xcassets in Resources */,
			);
			runOnlyForDeploymentPostprocessing = 0;
		};
/* End PBXResourcesBuildPhase section */

/* Begin PBXSourcesBuildPhase section */
		CACC4BB02969AA9400068F8F /* Sources */ = {
			isa = PBXSourcesBuildPhase;
			buildActionMask = 2147483647;
			files = (
				CAD5AF022986EEAA00E9BEA8 /* TemperatureHicstoryVC.swift in Sources */,
				CAC5A80C296A83DE003927A0 /* NetworkManager.swift in Sources */,
				CACC4BDA2969D0FD00068F8F /* CityWeatherCell.swift in Sources */,
				CACC4BD22969AB2500068F8F /* MainListVC.swift in Sources */,
				CACC4BB82969AA9400068F8F /* AppDelegate.swift in Sources */,
				CAC5A81429707E3E003927A0 /* CityModel.swift in Sources */,
				CACC4BD62969AF0400068F8F /* WeatherModel.swift in Sources */,
				CAC7E80D297EEC4000D81887 /* CoreDataManager.swift in Sources */,
				CACC4BC22969AA9400068F8F /* Weather_2023.xcdatamodeld in Sources */,
				CAC5A811296B05DE003927A0 /* CityInfoVC.swift in Sources */,
			);
			runOnlyForDeploymentPostprocessing = 0;
		};
/* End PBXSourcesBuildPhase section */

/* Begin PBXVariantGroup section */
		CACC4BC52969AAA000068F8F /* LaunchScreen.storyboard */ = {
			isa = PBXVariantGroup;
			children = (
				CACC4BC62969AAA000068F8F /* Base */,
			);
			name = LaunchScreen.storyboard;
			sourceTree = "<group>";
		};
/* End PBXVariantGroup section */

/* Begin XCBuildConfiguration section */
		CACC4BC92969AAA000068F8F /* Debug */ = {
			isa = XCBuildConfiguration;
			buildSettings = {
				ALWAYS_SEARCH_USER_PATHS = NO;
				CLANG_ANALYZER_NONNULL = YES;
				CLANG_ANALYZER_NUMBER_OBJECT_CONVERSION = YES_AGGRESSIVE;
				CLANG_CXX_LANGUAGE_STANDARD = "gnu++14";
				CLANG_CXX_LIBRARY = "libc++";
				CLANG_ENABLE_MODULES = YES;
				CLANG_ENABLE_OBJC_ARC = YES;
				CLANG_ENABLE_OBJC_WEAK = YES;
				CLANG_WARN_BLOCK_CAPTURE_AUTORELEASING = YES;
				CLANG_WARN_BOOL_CONVERSION = YES;
				CLANG_WARN_COMMA = YES;
				CLANG_WARN_CONSTANT_CONVERSION = YES;
				CLANG_WARN_DEPRECATED_OBJC_IMPLEMENTATIONS = YES;
				CLANG_WARN_DIRECT_OBJC_ISA_USAGE = YES_ERROR;
				CLANG_WARN_DOCUMENTATION_COMMENTS = YES;
				CLANG_WARN_EMPTY_BODY = YES;
				CLANG_WARN_ENUM_CONVERSION = YES;
				CLANG_WARN_INFINITE_RECURSION = YES;
				CLANG_WARN_INT_CONVERSION = YES;
				CLANG_WARN_NON_LITERAL_NULL_CONVERSION = YES;
				CLANG_WARN_OBJC_IMPLICIT_RETAIN_SELF = YES;
				CLANG_WARN_OBJC_LITERAL_CONVERSION = YES;
				CLANG_WARN_OBJC_ROOT_CLASS = YES_ERROR;
				CLANG_WARN_QUOTED_INCLUDE_IN_FRAMEWORK_HEADER = YES;
				CLANG_WARN_RANGE_LOOP_ANALYSIS = YES;
				CLANG_WARN_STRICT_PROTOTYPES = YES;
				CLANG_WARN_SUSPICIOUS_MOVE = YES;
				CLANG_WARN_UNGUARDED_AVAILABILITY = YES_AGGRESSIVE;
				CLANG_WARN_UNREACHABLE_CODE = YES;
				CLANG_WARN__DUPLICATE_METHOD_MATCH = YES;
				COPY_PHASE_STRIP = NO;
				DEBUG_INFORMATION_FORMAT = dwarf;
				ENABLE_STRICT_OBJC_MSGSEND = YES;
				ENABLE_TESTABILITY = YES;
				GCC_C_LANGUAGE_STANDARD = gnu11;
				GCC_DYNAMIC_NO_PIC = NO;
				GCC_NO_COMMON_BLOCKS = YES;
				GCC_OPTIMIZATION_LEVEL = 0;
				GCC_PREPROCESSOR_DEFINITIONS = (
					"DEBUG=1",
					"$(inherited)",
				);
				GCC_WARN_64_TO_32_BIT_CONVERSION = YES;
				GCC_WARN_ABOUT_RETURN_TYPE = YES_ERROR;
				GCC_WARN_UNDECLARED_SELECTOR = YES;
				GCC_WARN_UNINITIALIZED_AUTOS = YES_AGGRESSIVE;
				GCC_WARN_UNUSED_FUNCTION = YES;
				GCC_WARN_UNUSED_VARIABLE = YES;
				IPHONEOS_DEPLOYMENT_TARGET = 14.4;
				MTL_ENABLE_DEBUG_INFO = INCLUDE_SOURCE;
				MTL_FAST_MATH = YES;
				ONLY_ACTIVE_ARCH = YES;
				SDKROOT = iphoneos;
				SWIFT_ACTIVE_COMPILATION_CONDITIONS = DEBUG;
				SWIFT_OPTIMIZATION_LEVEL = "-Onone";
			};
			name = Debug;
		};
		CACC4BCA2969AAA000068F8F /* Release */ = {
			isa = XCBuildConfiguration;
			buildSettings = {
				ALWAYS_SEARCH_USER_PATHS = NO;
				CLANG_ANALYZER_NONNULL = YES;
				CLANG_ANALYZER_NUMBER_OBJECT_CONVERSION = YES_AGGRESSIVE;
				CLANG_CXX_LANGUAGE_STANDARD = "gnu++14";
				CLANG_CXX_LIBRARY = "libc++";
				CLANG_ENABLE_MODULES = YES;
				CLANG_ENABLE_OBJC_ARC = YES;
				CLANG_ENABLE_OBJC_WEAK = YES;
				CLANG_WARN_BLOCK_CAPTURE_AUTORELEASING = YES;
				CLANG_WARN_BOOL_CONVERSION = YES;
				CLANG_WARN_COMMA = YES;
				CLANG_WARN_CONSTANT_CONVERSION = YES;
				CLANG_WARN_DEPRECATED_OBJC_IMPLEMENTATIONS = YES;
				CLANG_WARN_DIRECT_OBJC_ISA_USAGE = YES_ERROR;
				CLANG_WARN_DOCUMENTATION_COMMENTS = YES;
				CLANG_WARN_EMPTY_BODY = YES;
				CLANG_WARN_ENUM_CONVERSION = YES;
				CLANG_WARN_INFINITE_RECURSION = YES;
				CLANG_WARN_INT_CONVERSION = YES;
				CLANG_WARN_NON_LITERAL_NULL_CONVERSION = YES;
				CLANG_WARN_OBJC_IMPLICIT_RETAIN_SELF = YES;
				CLANG_WARN_OBJC_LITERAL_CONVERSION = YES;
				CLANG_WARN_OBJC_ROOT_CLASS = YES_ERROR;
				CLANG_WARN_QUOTED_INCLUDE_IN_FRAMEWORK_HEADER = YES;
				CLANG_WARN_RANGE_LOOP_ANALYSIS = YES;
				CLANG_WARN_STRICT_PROTOTYPES = YES;
				CLANG_WARN_SUSPICIOUS_MOVE = YES;
				CLANG_WARN_UNGUARDED_AVAILABILITY = YES_AGGRESSIVE;
				CLANG_WARN_UNREACHABLE_CODE = YES;
				CLANG_WARN__DUPLICATE_METHOD_MATCH = YES;
				COPY_PHASE_STRIP = NO;
				DEBUG_INFORMATION_FORMAT = "dwarf-with-dsym";
				ENABLE_NS_ASSERTIONS = NO;
				ENABLE_STRICT_OBJC_MSGSEND = YES;
				GCC_C_LANGUAGE_STANDARD = gnu11;
				GCC_NO_COMMON_BLOCKS = YES;
				GCC_WARN_64_TO_32_BIT_CONVERSION = YES;
				GCC_WARN_ABOUT_RETURN_TYPE = YES_ERROR;
				GCC_WARN_UNDECLARED_SELECTOR = YES;
				GCC_WARN_UNINITIALIZED_AUTOS = YES_AGGRESSIVE;
				GCC_WARN_UNUSED_FUNCTION = YES;
				GCC_WARN_UNUSED_VARIABLE = YES;
				IPHONEOS_DEPLOYMENT_TARGET = 14.4;
				MTL_ENABLE_DEBUG_INFO = NO;
				MTL_FAST_MATH = YES;
				SDKROOT = iphoneos;
				SWIFT_COMPILATION_MODE = wholemodule;
				SWIFT_OPTIMIZATION_LEVEL = "-O";
				VALIDATE_PRODUCT = YES;
			};
			name = Release;
		};
		CACC4BCC2969AAA000068F8F /* Debug */ = {
			isa = XCBuildConfiguration;
			buildSettings = {
				ASSETCATALOG_COMPILER_APPICON_NAME = AppIcon;
				ASSETCATALOG_COMPILER_GLOBAL_ACCENT_COLOR_NAME = AccentColor;
				CODE_SIGN_STYLE = Automatic;
				DEVELOPMENT_TEAM = 8BC5UDJWT2;
				INFOPLIST_FILE = Weather_2023/Info.plist;
				LD_RUNPATH_SEARCH_PATHS = (
					"$(inherited)",
					"@executable_path/Frameworks",
				);
				PRODUCT_BUNDLE_IDENTIFIER = "-.Weather-2023";
				PRODUCT_NAME = "$(TARGET_NAME)";
				SWIFT_VERSION = 5.0;
				TARGETED_DEVICE_FAMILY = "1,2";
			};
			name = Debug;
		};
		CACC4BCD2969AAA000068F8F /* Release */ = {
			isa = XCBuildConfiguration;
			buildSettings = {
				ASSETCATALOG_COMPILER_APPICON_NAME = AppIcon;
				ASSETCATALOG_COMPILER_GLOBAL_ACCENT_COLOR_NAME = AccentColor;
				CODE_SIGN_STYLE = Automatic;
				DEVELOPMENT_TEAM = 8BC5UDJWT2;
				INFOPLIST_FILE = Weather_2023/Info.plist;
				LD_RUNPATH_SEARCH_PATHS = (
					"$(inherited)",
					"@executable_path/Frameworks",
				);
				PRODUCT_BUNDLE_IDENTIFIER = "-.Weather-2023";
				PRODUCT_NAME = "$(TARGET_NAME)";
				SWIFT_VERSION = 5.0;
				TARGETED_DEVICE_FAMILY = "1,2";
			};
			name = Release;
		};
/* End XCBuildConfiguration section */

/* Begin XCConfigurationList section */
		CACC4BAF2969AA9400068F8F /* Build configuration list for PBXProject "Weather_2023" */ = {
			isa = XCConfigurationList;
			buildConfigurations = (
				CACC4BC92969AAA000068F8F /* Debug */,
				CACC4BCA2969AAA000068F8F /* Release */,
			);
			defaultConfigurationIsVisible = 0;
			defaultConfigurationName = Release;
		};
		CACC4BCB2969AAA000068F8F /* Build configuration list for PBXNativeTarget "Weather_2023" */ = {
			isa = XCConfigurationList;
			buildConfigurations = (
				CACC4BCC2969AAA000068F8F /* Debug */,
				CACC4BCD2969AAA000068F8F /* Release */,
			);
			defaultConfigurationIsVisible = 0;
			defaultConfigurationName = Release;
		};
/* End XCConfigurationList section */

/* Begin XCVersionGroup section */
		CACC4BC02969AA9400068F8F /* Weather_2023.xcdatamodeld */ = {
			isa = XCVersionGroup;
			children = (
				CACC4BC12969AA9400068F8F /* Weather_2023.xcdatamodel */,
			);
			currentVersion = CACC4BC12969AA9400068F8F /* Weather_2023.xcdatamodel */;
			path = Weather_2023.xcdatamodeld;
			sourceTree = "<group>";
			versionGroupType = wrapper.xcdatamodel;
		};
/* End XCVersionGroup section */
	};
	rootObject = CACC4BAC2969AA9400068F8F /* Project object */;
}
